
Microsoft Visual Studio Solution File, Format Version 12.00
# Visual Studio 14
VisualStudioVersion = 14.0.25420.1
MinimumVisualStudioVersion = 10.0.40219.1
Project("{FAE04EC0-301F-11D3-BF4B-00C04F79EFBC}") = "SoftEngine", "SoftEngine\SoftEngine.csproj", "{215DC49D-EE4C-4B14-8465-365BAFCEA234}"
EndProject
Project("{2150E333-8FDC-42A3-9474-1A3956D46DE8}") = "Solution Items", "Solution Items", "{DE02F556-C57D-4AB8-9C83-4621F6F56652}"
	ProjectSection(SolutionItems) = preProject
		README.md = README.md
		suzanne_spinning.gif = suzanne_spinning.gif
	EndProjectSection
EndProject
Global
	GlobalSection(SolutionConfigurationPlatforms) = preSolution
		Debug|Any CPU = Debug|Any CPU
		Debug|ARM = Debug|ARM
		Debug|x64 = Debug|x64
		Debug|x86 = Debug|x86
		Release|Any CPU = Release|Any CPU
		Release|ARM = Release|ARM
		Release|x64 = Release|x64
		Release|x86 = Release|x86
	EndGlobalSection
	GlobalSection(ProjectConfigurationPlatforms) = postSolution
		{215DC49D-EE4C-4B14-8465-365BAFCEA234}.Debug|Any CPU.ActiveCfg = Debug|x86
		{215DC49D-EE4C-4B14-8465-365BAFCEA234}.Debug|ARM.ActiveCfg = Debug|ARM
		{215DC49D-EE4C-4B14-8465-365BAFCEA234}.Debug|ARM.Build.0 = Debug|ARM
		{215DC49D-EE4C-4B14-8465-365BAFCEA234}.Debug|ARM.Deploy.0 = Debug|ARM
		{215DC49D-EE4C-4B14-8465-365BAFCEA234}.Debug|x64.ActiveCfg = Debug|x64
		{215DC49D-EE4C-4B14-8465-365BAFCEA234}.Debug|x64.Build.0 = Debug|x64
		{215DC49D-EE4C-4B14-8465-365BAFCEA234}.Debug|x64.Deploy.0 = Debug|x64
		{215DC49D-EE4C-4B14-8465-365BAFCEA234}.Debug|x86.ActiveCfg = Debug|x86
		{215DC49D-EE4C-4B14-8465-365BAFCEA234}.Debug|x86.Build.0 = Debug|x86
		{215DC49D-EE4C-4B14-8465-365BAFCEA234}.Debug|x86.Deploy.0 = Debug|x86
		{215DC49D-EE4C-4B14-8465-365BAFCEA234}.Release|Any CPU.ActiveCfg = Release|x86
		{215DC49D-EE4C-4B14-8465-365BAFCEA234}.Release|ARM.ActiveCfg = Release|ARM
		{215DC49D-EE4C-4B14-8465-365BAFCEA234}.Release|ARM.Build.0 = Release|ARM
		{215DC49D-EE4C-4B14-8465-365BAFCEA234}.Release|ARM.Deploy.0 = Release|ARM
		{215DC49D-EE4C-4B14-8465-365BAFCEA234}.Release|x64.ActiveCfg = Release|x64
		{215DC49D-EE4C-4B14-8465-365BAFCEA234}.Release|x64.Build.0 = Release|x64
		{215DC49D-EE4C-4B14-8465-365BAFCEA234}.Release|x64.Deploy.0 = Release|x64
		{215DC49D-EE4C-4B14-8465-365BAFCEA234}.Release|x86.ActiveCfg = Release|x86
		{215DC49D-EE4C-4B14-8465-365BAFCEA234}.Release|x86.Build.0 = Release|x86
		{215DC49D-EE4C-4B14-8465-365BAFCEA234}.Release|x86.Deploy.0 = Release|x86
	EndGlobalSection
	GlobalSection(SolutionProperties) = preSolution
		HideSolutionNode = FALSE
	EndGlobalSection
EndGlobal
